
Microsoft Visual Studio Solution File, Format Version 12.00
Project("{FAE04EC0-301F-11D3-BF4B-00C04F79EFBC}") = "ClassDiagramGeneratorLib", "ClassDiagramGeneratorLib\ClassDiagramGeneratorLib.csproj", "{56F3A227-DF24-4047-8669-025792E5DAC5}"
EndProject
Project("{FAE04EC0-301F-11D3-BF4B-00C04F79EFBC}") = "ClassDiagramGenerator_WPF", "ClassDiagramGenerator_WPF\ClassDiagramGenerator_WPF.csproj", "{8AC52DB5-1E21-4FEA-A760-C96BD4510B00}"
EndProject
Project("{FAE04EC0-301F-11D3-BF4B-00C04F79EFBC}") = "Tree_Lib", "Tree_Lib\Tree_Lib.csproj", "{A182C34B-0146-4ED1-8EF0-3D11E4E2C576}"
EndProject
Project("{FAE04EC0-301F-11D3-BF4B-00C04F79EFBC}") = "Token-lib", "Token-lib\Token-lib.csproj", "{06535A21-2293-44F8-8F8A-B585DA09097B}"
EndProject
Global
	GlobalSection(SolutionConfigurationPlatforms) = preSolution
		Debug|Any CPU = Debug|Any CPU
		Release|Any CPU = Release|Any CPU
	EndGlobalSection
	GlobalSection(ProjectConfigurationPlatforms) = postSolution
		{56F3A227-DF24-4047-8669-025792E5DAC5}.Debug|Any CPU.ActiveCfg = Debug|Any CPU
		{56F3A227-DF24-4047-8669-025792E5DAC5}.Debug|Any CPU.Build.0 = Debug|Any CPU
		{56F3A227-DF24-4047-8669-025792E5DAC5}.Release|Any CPU.ActiveCfg = Release|Any CPU
		{56F3A227-DF24-4047-8669-025792E5DAC5}.Release|Any CPU.Build.0 = Release|Any CPU
		{8AC52DB5-1E21-4FEA-A760-C96BD4510B00}.Debug|Any CPU.ActiveCfg = Debug|Any CPU
		{8AC52DB5-1E21-4FEA-A760-C96BD4510B00}.Debug|Any CPU.Build.0 = Debug|Any CPU
		{8AC52DB5-1E21-4FEA-A760-C96BD4510B00}.Release|Any CPU.ActiveCfg = Release|Any CPU
		{8AC52DB5-1E21-4FEA-A760-C96BD4510B00}.Release|Any CPU.Build.0 = Release|Any CPU
		{A182C34B-0146-4ED1-8EF0-3D11E4E2C576}.Debug|Any CPU.ActiveCfg = Debug|Any CPU
		{A182C34B-0146-4ED1-8EF0-3D11E4E2C576}.Debug|Any CPU.Build.0 = Debug|Any CPU
		{A182C34B-0146-4ED1-8EF0-3D11E4E2C576}.Release|Any CPU.ActiveCfg = Release|Any CPU
		{A182C34B-0146-4ED1-8EF0-3D11E4E2C576}.Release|Any CPU.Build.0 = Release|Any CPU
		{06535A21-2293-44F8-8F8A-B585DA09097B}.Debug|Any CPU.ActiveCfg = Debug|Any CPU
		{06535A21-2293-44F8-8F8A-B585DA09097B}.Debug|Any CPU.Build.0 = Debug|Any CPU
		{06535A21-2293-44F8-8F8A-B585DA09097B}.Release|Any CPU.ActiveCfg = Release|Any CPU
		{06535A21-2293-44F8-8F8A-B585DA09097B}.Release|Any CPU.Build.0 = Release|Any CPU
	EndGlobalSection
EndGlobal
